{
    "name": "test-app",
    "version": "0.1.0",
    "lockfileVersion": 1,
    "requires": true,
    "dependencies": {
        "dharma-chain": {
            "version": "1.0.5",
            "resolved": "https://registry.npmjs.org/dharma-chain/-/dharma-chain-1.0.5.tgz",
            "integrity": "sha512-jETI8M2QCS6R531G7+/dUnpuLbajeJSJWNJBQ2kDDiVigqXEo7hSZagXUGTWkL+MQaT80fz8paCHxujYoXqFDQ=="
        }
    }
}
